
Microsoft Visual Studio Solution File, Format Version 12.00
# Visual Studio Version 16
VisualStudioVersion = 16.0.31129.286
MinimumVisualStudioVersion = 10.0.40219.1
Project("{FAE04EC0-301F-11D3-BF4B-00C04F79EFBC}") = "CoffeeMachinePart1", "CoffeeMachinePart1\CoffeeMachinePart1.csproj", "{9313D36C-06EC-41BE-B415-06B91A5121CF}"
EndProject
Global
	GlobalSection(SolutionConfigurationPlatforms) = preSolution
		Debug|Any CPU = Debug|Any CPU
		Release|Any CPU = Release|Any CPU
	EndGlobalSection
	GlobalSection(ProjectConfigurationPlatforms) = postSolution
		{9313D36C-06EC-41BE-B415-06B91A5121CF}.Debug|Any CPU.ActiveCfg = Debug|Any CPU
		{9313D36C-06EC-41BE-B415-06B91A5121CF}.Debug|Any CPU.Build.0 = Debug|Any CPU
		{9313D36C-06EC-41BE-B415-06B91A5121CF}.Release|Any CPU.ActiveCfg = Release|Any CPU
		{9313D36C-06EC-41BE-B415-06B91A5121CF}.Release|Any CPU.Build.0 = Release|Any CPU
	EndGlobalSection
	GlobalSection(SolutionProperties) = preSolution
		HideSolutionNode = FALSE
	EndGlobalSection
	GlobalSection(ExtensibilityGlobals) = postSolution
		SolutionGuid = {374136F9-475F-4E2A-AE82-8E1DA09DC3B4}
	EndGlobalSection
EndGlobal
